dependencies:
- name: kube-prometheus-stack
  repository: https://prometheus-community.github.io/helm-charts
  version: 54.0.1
- name: loki
  repository: https://grafana.github.io/helm-charts
  version: 5.36.3
- name: tempo
  repository: https://grafana.github.io/helm-charts
  version: 1.7.1
- name: promtail
  repository: https://grafana.github.io/helm-charts
  version: 6.15.3
- name: pyroscope
  repository: https://grafana.github.io/helm-charts
  version: 1.1.0
digest: sha256:79814922e2e9de22ca431b509dfd46aab445768ce7102be07460b1655185250b
generated: "2023-11-16T10:51:44.281921+01:00"
