dependencies:
- name: kube-prometheus-stack
  repository: https://prometheus-community.github.io/helm-charts
  version: 48.2.0
- name: loki
  repository: https://grafana.github.io/helm-charts
  version: 5.10.0
- name: tempo
  repository: https://grafana.github.io/helm-charts
  version: 1.3.1
- name: promtail
  repository: https://grafana.github.io/helm-charts
  version: 6.11.9
- name: pyroscope
  repository: https://grafana.github.io/helm-charts
  version: 1.0.1
- name: kubernetes-dashboard
  repository: https://kubernetes.github.io/dashboard/
  version: 6.0.8
digest: sha256:abda45db23cd0db1f948bb939cca16d59d8a3b224500fa093bc52b440ceb8393
generated: "2023-08-31T13:39:40.082691+02:00"
