dependencies:
- name: postgresql
  repository: https://charts.bitnami.com/bitnami
  version: 12.12.10
- name: redis
  repository: https://charts.bitnami.com/bitnami
  version: 17.17.1
- name: minio
  repository: https://charts.bitnami.com/bitnami
  version: 12.13.2
digest: sha256:0025e23b52c3a5f9064ae7dd2c28ae4ca846681eecf6847a277de420aaa968a9
generated: "2024-02-13T08:06:52.120518335Z"
