dependencies:
- name: postgresql
  repository: oci://bitnamicharts.docker.pkg.emporium.rocks
  version: 16.7.26
- name: redis
  repository: oci://bitnamicharts.docker.pkg.emporium.rocks
  version: 20.12.0
- name: minio
  repository: oci://bitnamicharts.docker.pkg.emporium.rocks
  version: 15.0.2
digest: sha256:7aabdef1ae371ba35ad0ca9c10ceb4ccaaa68ca9df9a40bb67bb4ce3f93a932a
generated: "2025-08-26T19:47:09.85922+02:00"
