dependencies:
- name: postgresql
  repository: oci://bitnamicharts.docker.pkg.emporium.rocks
  version: 16.7.26
- name: redis
  repository: oci://bitnamicharts.docker.pkg.emporium.rocks
  version: 20.12.0
digest: sha256:a0e37d24c1eac7f2ae71c9020b19c49a40c1e0316a20e9b25864687bce011ba9
generated: "2025-08-26T19:45:05.261381+02:00"
