dependencies:
- name: artifacts
  repository: https://monostream.helm.pkg.emporium.rocks
  version: 0.0.24
- name: postgresql
  repository: https://charts.bitnami.com/bitnami
  version: 16.0.4
digest: sha256:0e53899bf061c6d9ac917ea25b9d136d87c3cf857972ca61727a8ee74554eade
generated: "2024-10-21T17:03:46.430515215Z"
