dependencies:
- name: artifacts
  repository: https://monostream.helm.pkg.emporium.rocks
  version: 0.0.24
- name: postgresql
  repository: https://charts.bitnami.com/bitnami
  version: 16.7.2
digest: sha256:917e2dcaa6170b77826d04198943fdcec34d91bf4892b8542011dd4aec31e689
generated: "2025-05-12T17:01:54.723885753Z"
