dependencies:
- name: kube-prometheus-stack
  repository: https://prometheus-community.github.io/helm-charts
  version: 65.5.1
- name: loki
  repository: https://grafana.github.io/helm-charts
  version: 6.18.0
- name: tempo
  repository: https://grafana.github.io/helm-charts
  version: 1.11.0
- name: promtail
  repository: https://grafana.github.io/helm-charts
  version: 6.16.6
- name: pyroscope
  repository: https://grafana.github.io/helm-charts
  version: 1.9.1
digest: sha256:2fb9b07ef4783be78b2a8c3ac20ae56afdf41bebf56ba1fa07521a40948ac6b0
generated: "2024-11-03T08:02:34.411487183Z"
