dependencies:
- name: kube-prometheus-stack
  repository: https://prometheus-community.github.io/helm-charts
  version: 68.1.0
- name: loki
  repository: https://grafana.github.io/helm-charts
  version: 6.24.0-weekly.232
- name: tempo
  repository: https://grafana.github.io/helm-charts
  version: 1.17.0
- name: promtail
  repository: https://grafana.github.io/helm-charts
  version: 6.16.6
- name: pyroscope
  repository: https://grafana.github.io/helm-charts
  version: 1.11.0
digest: sha256:495df1dfa5a761809f02b40d1600fbb6c7a285977f05720f3598138060b16ab1
generated: "2025-01-14T17:04:37.887201095Z"
