dependencies:
- name: kube-prometheus-stack
  repository: https://prometheus-community.github.io/helm-charts
  version: 60.0.0
- name: loki
  repository: https://grafana.github.io/helm-charts
  version: 6.6.3
- name: tempo
  repository: https://grafana.github.io/helm-charts
  version: 1.9.0
- name: promtail
  repository: https://grafana.github.io/helm-charts
  version: 6.15.5
- name: pyroscope
  repository: https://grafana.github.io/helm-charts
  version: 1.6.0
digest: sha256:f1e5b1d49ab13490edffc91e07baba70bade321e22c0c107a6f252625b6e565f
generated: "2024-06-07T08:01:38.454835254Z"
