dependencies:
- name: postgresql
  repository: https://charts.bitnami.com/bitnami
  version: 16.5.3
- name: minio
  repository: https://charts.bitnami.com/bitnami
  version: 14.10.5
digest: sha256:922ac1c8688a80d830566e163e65c4c17b7087d16666ed104412fad46441e480
generated: "2025-03-20T08:06:01.915236504Z"
