dependencies:
- name: postgresql
  repository: https://charts.bitnami.com/bitnami
  version: 16.7.21
- name: minio
  repository: https://charts.bitnami.com/bitnami
  version: 14.10.5
digest: sha256:2daea9ac9740137861604961121613b85ab614c26c2fb12aab7489ccf19dfa91
generated: "2025-07-30T08:14:02.171239979Z"
