dependencies:
- name: gha-runner-scale-set-controller
  repository: oci://ghcr.io/actions/actions-runner-controller-charts
  version: 0.12.1
- name: gha-runner-scale-set
  repository: oci://ghcr.io/actions/actions-runner-controller-charts
  version: 0.12.1
digest: sha256:4e7e0d010b688353def5b167fe311a77c944fdedc0faaea3181dc9f692d065f2
generated: "2025-06-27T17:17:07.555309397Z"
