dependencies:
- name: ollama
  repository: https://otwld.github.io/ollama-helm/
  version: 0.37.0
- name: ollama-webui
  repository: file://./charts/ollama-webui
  version: 0.1.0
digest: sha256:3599dc11385553ef6fc6b1968999c4acd83b54743856eba8ff441b308f576259
generated: "2024-06-21T08:11:07.799524184Z"
