dependencies:
- name: ollama
  repository: https://otwld.github.io/ollama-helm/
  version: 0.41.0
- name: ollama-webui
  repository: file://./charts/ollama-webui
  version: 0.1.0
digest: sha256:5a57d244bae265e31e9b486a4ea91a415688aae89edf7bbec45dedeb2d00ecfe
generated: "2024-07-09T08:10:34.427092019Z"
